
Microsoft Visual Studio Solution File, Format Version 12.00
# Visual Studio 14
VisualStudioVersion = 14.0.25420.1
MinimumVisualStudioVersion = 10.0.40219.1
Project("{FAE04EC0-301F-11D3-BF4B-00C04F79EFBC}") = "TEC.AccesoDatos", "TEC.AccesoDatos\TEC.AccesoDatos.csproj", "{767CAD73-BA5C-4DD2-B9D0-73FF9D9646BE}"
EndProject
Project("{FAE04EC0-301F-11D3-BF4B-00C04F79EFBC}") = "TEC.LogicaNegocio", "TEC.LogicaNegocio\TEC.LogicaNegocio.csproj", "{81DD4954-774B-4A07-8C86-3474DC4584FB}"
EndProject
Project("{FAE04EC0-301F-11D3-BF4B-00C04F79EFBC}") = "TEC.Entidades", "TEC.Entidades\TEC.Entidades.csproj", "{3BB9AA95-C214-4BB1-A2A8-34B21F8F68F3}"
EndProject
Project("{FAE04EC0-301F-11D3-BF4B-00C04F79EFBC}") = "TEC.Utilidades", "TEC.Utilidades\TEC.Utilidades.csproj", "{BA903C5A-2003-40F0-8794-63218B74945E}"
EndProject
Project("{FAE04EC0-301F-11D3-BF4B-00C04F79EFBC}") = "TEC.Presentacion", "TEC.Presentacion\TEC.Presentacion.csproj", "{3926737F-5B9D-4EF6-AA22-A134CD80501C}"
EndProject
Project("{FAE04EC0-301F-11D3-BF4B-00C04F79EFBC}") = "TEC.Login", "TEC.Login\TEC.Login.csproj", "{33597542-6FCD-4C33-AE6B-63A966E8285B}"
EndProject
Project("{FAE04EC0-301F-11D3-BF4B-00C04F79EFBC}") = "TEC.ControlesBase", "TEC.ControlesBase\TEC.ControlesBase.csproj", "{763C60F2-5DA5-4EAA-953C-D0639508B77D}"
EndProject
Project("{FAE04EC0-301F-11D3-BF4B-00C04F79EFBC}") = "TEC.Servicios", "TEC.Servicios\TEC.Servicios.csproj", "{95F9C822-D086-4C9B-8FE1-65360AA9C179}"
EndProject
Global
	GlobalSection(SolutionConfigurationPlatforms) = preSolution
		Debug|Any CPU = Debug|Any CPU
		Release|Any CPU = Release|Any CPU
	EndGlobalSection
	GlobalSection(ProjectConfigurationPlatforms) = postSolution
		{767CAD73-BA5C-4DD2-B9D0-73FF9D9646BE}.Debug|Any CPU.ActiveCfg = Debug|Any CPU
		{767CAD73-BA5C-4DD2-B9D0-73FF9D9646BE}.Debug|Any CPU.Build.0 = Debug|Any CPU
		{767CAD73-BA5C-4DD2-B9D0-73FF9D9646BE}.Release|Any CPU.ActiveCfg = Release|Any CPU
		{767CAD73-BA5C-4DD2-B9D0-73FF9D9646BE}.Release|Any CPU.Build.0 = Release|Any CPU
		{81DD4954-774B-4A07-8C86-3474DC4584FB}.Debug|Any CPU.ActiveCfg = Debug|Any CPU
		{81DD4954-774B-4A07-8C86-3474DC4584FB}.Debug|Any CPU.Build.0 = Debug|Any CPU
		{81DD4954-774B-4A07-8C86-3474DC4584FB}.Release|Any CPU.ActiveCfg = Release|Any CPU
		{81DD4954-774B-4A07-8C86-3474DC4584FB}.Release|Any CPU.Build.0 = Release|Any CPU
		{3BB9AA95-C214-4BB1-A2A8-34B21F8F68F3}.Debug|Any CPU.ActiveCfg = Debug|Any CPU
		{3BB9AA95-C214-4BB1-A2A8-34B21F8F68F3}.Debug|Any CPU.Build.0 = Debug|Any CPU
		{3BB9AA95-C214-4BB1-A2A8-34B21F8F68F3}.Release|Any CPU.ActiveCfg = Release|Any CPU
		{3BB9AA95-C214-4BB1-A2A8-34B21F8F68F3}.Release|Any CPU.Build.0 = Release|Any CPU
		{BA903C5A-2003-40F0-8794-63218B74945E}.Debug|Any CPU.ActiveCfg = Debug|Any CPU
		{BA903C5A-2003-40F0-8794-63218B74945E}.Debug|Any CPU.Build.0 = Debug|Any CPU
		{BA903C5A-2003-40F0-8794-63218B74945E}.Release|Any CPU.ActiveCfg = Release|Any CPU
		{BA903C5A-2003-40F0-8794-63218B74945E}.Release|Any CPU.Build.0 = Release|Any CPU
		{3926737F-5B9D-4EF6-AA22-A134CD80501C}.Debug|Any CPU.ActiveCfg = Debug|Any CPU
		{3926737F-5B9D-4EF6-AA22-A134CD80501C}.Debug|Any CPU.Build.0 = Debug|Any CPU
		{3926737F-5B9D-4EF6-AA22-A134CD80501C}.Release|Any CPU.ActiveCfg = Release|Any CPU
		{3926737F-5B9D-4EF6-AA22-A134CD80501C}.Release|Any CPU.Build.0 = Release|Any CPU
		{33597542-6FCD-4C33-AE6B-63A966E8285B}.Debug|Any CPU.ActiveCfg = Debug|Any CPU
		{33597542-6FCD-4C33-AE6B-63A966E8285B}.Debug|Any CPU.Build.0 = Debug|Any CPU
		{33597542-6FCD-4C33-AE6B-63A966E8285B}.Release|Any CPU.ActiveCfg = Release|Any CPU
		{33597542-6FCD-4C33-AE6B-63A966E8285B}.Release|Any CPU.Build.0 = Release|Any CPU
		{763C60F2-5DA5-4EAA-953C-D0639508B77D}.Debug|Any CPU.ActiveCfg = Debug|Any CPU
		{763C60F2-5DA5-4EAA-953C-D0639508B77D}.Debug|Any CPU.Build.0 = Debug|Any CPU
		{763C60F2-5DA5-4EAA-953C-D0639508B77D}.Release|Any CPU.ActiveCfg = Release|Any CPU
		{763C60F2-5DA5-4EAA-953C-D0639508B77D}.Release|Any CPU.Build.0 = Release|Any CPU
		{95F9C822-D086-4C9B-8FE1-65360AA9C179}.Debug|Any CPU.ActiveCfg = Debug|Any CPU
		{95F9C822-D086-4C9B-8FE1-65360AA9C179}.Debug|Any CPU.Build.0 = Debug|Any CPU
		{95F9C822-D086-4C9B-8FE1-65360AA9C179}.Release|Any CPU.ActiveCfg = Release|Any CPU
		{95F9C822-D086-4C9B-8FE1-65360AA9C179}.Release|Any CPU.Build.0 = Release|Any CPU
	EndGlobalSection
	GlobalSection(SolutionProperties) = preSolution
		HideSolutionNode = FALSE
	EndGlobalSection
EndGlobal
